// !$*UTF8*$!
{
	archiveVersion = 1;
	classes = {
	};
	objectVersion = 46;
	objects = {

/* Begin PBXBuildFile section */
		4831CD1F1EDE97A6001EF223 /* SubmenuCollectionViewController.m in Sources */ = {isa = PBXBuildFile; fileRef = 4831CD1D1EDE97A6001EF223 /* SubmenuCollectionViewController.m */; };
		4831CD201EDE97A6001EF223 /* SubmenuCollectionViewController.xib in Resources */ = {isa = PBXBuildFile; fileRef = 4831CD1E1EDE97A6001EF223 /* SubmenuCollectionViewController.xib */; };
		4831CD271EDE97D7001EF223 /* SubmenuCollectionViewCell.m in Sources */ = {isa = PBXBuildFile; fileRef = 4831CD251EDE97D7001EF223 /* SubmenuCollectionViewCell.m */; };
		4831CD281EDE97D7001EF223 /* SubmenuCollectionViewCell.xib in Resources */ = {isa = PBXBuildFile; fileRef = 4831CD261EDE97D7001EF223 /* SubmenuCollectionViewCell.xib */; };
		483F39221EC3085E00C03253 /* main.m in Sources */ = {isa = PBXBuildFile; fileRef = 483F39211EC3085E00C03253 /* main.m */; };
		483F39251EC3085E00C03253 /* AppDelegate.m in Sources */ = {isa = PBXBuildFile; fileRef = 483F39241EC3085E00C03253 /* AppDelegate.m */; };
		483F39281EC3085E00C03253 /* LoginViewController.m in Sources */ = {isa = PBXBuildFile; fileRef = 483F39271EC3085E00C03253 /* LoginViewController.m */; };
		483F392B1EC3085E00C03253 /* Main.storyboard in Resources */ = {isa = PBXBuildFile; fileRef = 483F39291EC3085E00C03253 /* Main.storyboard */; };
		483F392D1EC3085E00C03253 /* Assets.xcassets in Resources */ = {isa = PBXBuildFile; fileRef = 483F392C1EC3085E00C03253 /* Assets.xcassets */; };
		483F39301EC3085E00C03253 /* LaunchScreen.storyboard in Resources */ = {isa = PBXBuildFile; fileRef = 483F392E1EC3085E00C03253 /* LaunchScreen.storyboard */; };
		483F393A1EC3518500C03253 /* ForgotPasswordViewController.m in Sources */ = {isa = PBXBuildFile; fileRef = 483F39391EC3518500C03253 /* ForgotPasswordViewController.m */; };
		4842780A1ECABC3000183A60 /* List.m in Sources */ = {isa = PBXBuildFile; fileRef = 484278091ECABC3000183A60 /* List.m */; };
		4846E22F1EE66A70000C08B7 /* DataMAPFormViewController.m in Sources */ = {isa = PBXBuildFile; fileRef = 4846E22D1EE66A70000C08B7 /* DataMAPFormViewController.m */; };
		4846E2301EE66A70000C08B7 /* DataMAPFormViewController.xib in Resources */ = {isa = PBXBuildFile; fileRef = 4846E22E1EE66A70000C08B7 /* DataMAPFormViewController.xib */; };
		4846E2331EE6C650000C08B7 /* DataMAPModel.m in Sources */ = {isa = PBXBuildFile; fileRef = 4846E2321EE6C650000C08B7 /* DataMAPModel.m */; };
		4846E2361EE6E92A000C08B7 /* DropdownModel.m in Sources */ = {isa = PBXBuildFile; fileRef = 4846E2351EE6E92A000C08B7 /* DropdownModel.m */; };
		48482E6E1EC999B30029ACBE /* ListViewController.m in Sources */ = {isa = PBXBuildFile; fileRef = 48482E6C1EC999B30029ACBE /* ListViewController.m */; };
		48482E6F1EC999B30029ACBE /* ListViewController.xib in Resources */ = {isa = PBXBuildFile; fileRef = 48482E6D1EC999B30029ACBE /* ListViewController.xib */; };
		48482E731EC99B230029ACBE /* ListTableViewCell.m in Sources */ = {isa = PBXBuildFile; fileRef = 48482E711EC99B230029ACBE /* ListTableViewCell.m */; };
		48482E741EC99B230029ACBE /* ListTableViewCell.xib in Resources */ = {isa = PBXBuildFile; fileRef = 48482E721EC99B230029ACBE /* ListTableViewCell.xib */; };
		4849EEDA1EC8185E00415E4B /* Form.m in Sources */ = {isa = PBXBuildFile; fileRef = 4849EED91EC8185E00415E4B /* Form.m */; };
		4849EEDD1EC8190300415E4B /* Option.m in Sources */ = {isa = PBXBuildFile; fileRef = 4849EEDC1EC8190300415E4B /* Option.m */; };
		4849EEE11EC8815000415E4B /* FormViewController.m in Sources */ = {isa = PBXBuildFile; fileRef = 4849EEDF1EC8815000415E4B /* FormViewController.m */; };
		4849EEE21EC8815000415E4B /* FormViewController.xib in Resources */ = {isa = PBXBuildFile; fileRef = 4849EEE01EC8815000415E4B /* FormViewController.xib */; };
		4866A89A1ECD8B2200A89E98 /* FloatLabeledTextFieldCell.m in Sources */ = {isa = PBXBuildFile; fileRef = 4866A8991ECD8B2200A89E98 /* FloatLabeledTextFieldCell.m */; };
		487F39F61ED64F9400D6E580 /* APIModel.m in Sources */ = {isa = PBXBuildFile; fileRef = 487F39F51ED64F9400D6E580 /* APIModel.m */; };
		487F39F91ED678D400D6E580 /* Action.m in Sources */ = {isa = PBXBuildFile; fileRef = 487F39F81ED678D400D6E580 /* Action.m */; };
		48859A701ECC3FEC006EFDE6 /* FormRow.m in Sources */ = {isa = PBXBuildFile; fileRef = 48859A6F1ECC3FEC006EFDE6 /* FormRow.m */; };
		4886BAFD1EC42EDD000F8DBE /* MenuViewController.m in Sources */ = {isa = PBXBuildFile; fileRef = 4886BAFC1EC42EDD000F8DBE /* MenuViewController.m */; };
		4886BB051EC4ABD1000F8DBE /* PopulateRealmDatabase.m in Sources */ = {isa = PBXBuildFile; fileRef = 4886BB041EC4ABD1000F8DBE /* PopulateRealmDatabase.m */; };
		4886BB081EC4ABF8000F8DBE /* Menu.m in Sources */ = {isa = PBXBuildFile; fileRef = 4886BB071EC4ABF8000F8DBE /* Menu.m */; };
		48CDD82C1EC9B1FB0038D626 /* SimpleListViewController.m in Sources */ = {isa = PBXBuildFile; fileRef = 48CDD82A1EC9B1FB0038D626 /* SimpleListViewController.m */; };
		48CDD82D1EC9B1FB0038D626 /* SimpleListViewController.xib in Resources */ = {isa = PBXBuildFile; fileRef = 48CDD82B1EC9B1FB0038D626 /* SimpleListViewController.xib */; };
		48CDD8341EC9B3AD0038D626 /* SimpleListTableViewCell.m in Sources */ = {isa = PBXBuildFile; fileRef = 48CDD8321EC9B3AD0038D626 /* SimpleListTableViewCell.m */; };
		48CDD8351EC9B3AD0038D626 /* SimpleListTableViewCell.xib in Resources */ = {isa = PBXBuildFile; fileRef = 48CDD8331EC9B3AD0038D626 /* SimpleListTableViewCell.xib */; };
		48CDD83A1EC9B8A50038D626 /* SubmenuViewController.m in Sources */ = {isa = PBXBuildFile; fileRef = 48CDD8381EC9B8A50038D626 /* SubmenuViewController.m */; };
		48CDD83B1EC9B8A50038D626 /* SubmenuViewController.xib in Resources */ = {isa = PBXBuildFile; fileRef = 48CDD8391EC9B8A50038D626 /* SubmenuViewController.xib */; };
		48CDD8421EC9BA1A0038D626 /* SubmenuTableViewCell.m in Sources */ = {isa = PBXBuildFile; fileRef = 48CDD8401EC9BA1A0038D626 /* SubmenuTableViewCell.m */; };
		48CDD8431EC9BA1A0038D626 /* SubmenuTableViewCell.xib in Resources */ = {isa = PBXBuildFile; fileRef = 48CDD8411EC9BA1A0038D626 /* SubmenuTableViewCell.xib */; };
		48D44D4C1EDF8F28005FC8DB /* NSString+MixedCasing.m in Sources */ = {isa = PBXBuildFile; fileRef = 48D44D4B1EDF8F28005FC8DB /* NSString+MixedCasing.m */; };
		48D44D4F1EDFD2AF005FC8DB /* ISO8601DateFormatter.m in Sources */ = {isa = PBXBuildFile; fileRef = 48D44D4E1EDFD2AF005FC8DB /* ISO8601DateFormatter.m */; settings = {COMPILER_FLAGS = "-fno-objc-arc"; }; };
		48D44D541EE7A42C005FC8DB /* SurveyFormViewController.m in Sources */ = {isa = PBXBuildFile; fileRef = 48D44D521EE7A42C005FC8DB /* SurveyFormViewController.m */; };
		48D44D551EE7A42C005FC8DB /* SurveyFormViewController.xib in Resources */ = {isa = PBXBuildFile; fileRef = 48D44D531EE7A42C005FC8DB /* SurveyFormViewController.xib */; };
		48D44D581EE83A2F005FC8DB /* SurveyModel.m in Sources */ = {isa = PBXBuildFile; fileRef = 48D44D571EE83A2F005FC8DB /* SurveyModel.m */; };
		48F7F4061EC5C931008DB808 /* Role.m in Sources */ = {isa = PBXBuildFile; fileRef = 48F7F4051EC5C931008DB808 /* Role.m */; };
		5C0138751EE43C9300B9B40B /* ContactUsViewController.m in Sources */ = {isa = PBXBuildFile; fileRef = 5C0138741EE43C9300B9B40B /* ContactUsViewController.m */; };
		5C4587651EE2A02D004AC7FE /* CreditSimulationViewController.m in Sources */ = {isa = PBXBuildFile; fileRef = 5C4587641EE2A02D004AC7FE /* CreditSimulationViewController.m */; };
		5C586E9A1ECB183200A5A626 /* HelpTableViewController.m in Sources */ = {isa = PBXBuildFile; fileRef = 5C586E991ECB183200A5A626 /* HelpTableViewController.m */; };
		5C9B08EC1EC9DB8700B5E9AC /* MenuNavigationViewController.m in Sources */ = {isa = PBXBuildFile; fileRef = 5C9B08EB1EC9DB8700B5E9AC /* MenuNavigationViewController.m */; };
		5C9B08F11EC9DB9300B5E9AC /* HistoryViewController.m in Sources */ = {isa = PBXBuildFile; fileRef = 5C9B08EE1EC9DB9300B5E9AC /* HistoryViewController.m */; };
		5C9B08F21EC9DB9300B5E9AC /* HomeViewController.m in Sources */ = {isa = PBXBuildFile; fileRef = 5C9B08F01EC9DB9300B5E9AC /* HomeViewController.m */; };
		5C9DB2361EC3312200FC0CC9 /* MPMGlobal.m in Sources */ = {isa = PBXBuildFile; fileRef = 5C9DB2351EC3312200FC0CC9 /* MPMGlobal.m */; };
		5C9DB2421EC3393000FC0CC9 /* MPMUserInfo.m in Sources */ = {isa = PBXBuildFile; fileRef = 5C9DB2411EC3393000FC0CC9 /* MPMUserInfo.m */; };
		5CBC4C771ECC8A67002ED03C /* MyProfileTableViewController.m in Sources */ = {isa = PBXBuildFile; fileRef = 5CBC4C761ECC8A67002ED03C /* MyProfileTableViewController.m */; };
		5CDC30421EC3E274001D97DB /* GoogleService-Info.plist in Resources */ = {isa = PBXBuildFile; fileRef = 5CDC30411EC3E274001D97DB /* GoogleService-Info.plist */; };
		5CF497B81ED330FF0005327D /* registerViewController.m in Sources */ = {isa = PBXBuildFile; fileRef = 5CF497B71ED330FF0005327D /* registerViewController.m */; };
		5CF6819C1EC747A60056ACD3 /* KASlideShow.m in Sources */ = {isa = PBXBuildFile; fileRef = 5CF6819B1EC747A60056ACD3 /* KASlideShow.m */; };
		D3738F410048C92A1AE2571B /* libPods-MPMFinance.a in Frameworks */ = {isa = PBXBuildFile; fileRef = F2B2C34A7F4351773F253B9A /* libPods-MPMFinance.a */; };
/* End PBXBuildFile section */

/* Begin PBXFileReference section */
		4831CD1C1EDE97A6001EF223 /* SubmenuCollectionViewController.h */ = {isa = PBXFileReference; fileEncoding = 4; lastKnownFileType = sourcecode.c.h; name = SubmenuCollectionViewController.h; path = ViewController/SubmenuCollectionViewController.h; sourceTree = "<group>"; };
		4831CD1D1EDE97A6001EF223 /* SubmenuCollectionViewController.m */ = {isa = PBXFileReference; fileEncoding = 4; lastKnownFileType = sourcecode.c.objc; name = SubmenuCollectionViewController.m; path = ViewController/SubmenuCollectionViewController.m; sourceTree = "<group>"; };
		4831CD1E1EDE97A6001EF223 /* SubmenuCollectionViewController.xib */ = {isa = PBXFileReference; fileEncoding = 4; lastKnownFileType = file.xib; name = SubmenuCollectionViewController.xib; path = ViewController/SubmenuCollectionViewController.xib; sourceTree = "<group>"; };
		4831CD241EDE97D7001EF223 /* SubmenuCollectionViewCell.h */ = {isa = PBXFileReference; fileEncoding = 4; lastKnownFileType = sourcecode.c.h; name = SubmenuCollectionViewCell.h; path = ViewController/SubmenuCollectionViewCell.h; sourceTree = "<group>"; };
		4831CD251EDE97D7001EF223 /* SubmenuCollectionViewCell.m */ = {isa = PBXFileReference; fileEncoding = 4; lastKnownFileType = sourcecode.c.objc; name = SubmenuCollectionViewCell.m; path = ViewController/SubmenuCollectionViewCell.m; sourceTree = "<group>"; };
		4831CD261EDE97D7001EF223 /* SubmenuCollectionViewCell.xib */ = {isa = PBXFileReference; fileEncoding = 4; lastKnownFileType = file.xib; name = SubmenuCollectionViewCell.xib; path = ViewController/SubmenuCollectionViewCell.xib; sourceTree = "<group>"; };
		483F391D1EC3085E00C03253 /* MPMFinance.app */ = {isa = PBXFileReference; explicitFileType = wrapper.application; includeInIndex = 0; path = MPMFinance.app; sourceTree = BUILT_PRODUCTS_DIR; };
		483F39211EC3085E00C03253 /* main.m */ = {isa = PBXFileReference; lastKnownFileType = sourcecode.c.objc; path = main.m; sourceTree = "<group>"; };
		483F39231EC3085E00C03253 /* AppDelegate.h */ = {isa = PBXFileReference; lastKnownFileType = sourcecode.c.h; path = AppDelegate.h; sourceTree = "<group>"; };
		483F39241EC3085E00C03253 /* AppDelegate.m */ = {isa = PBXFileReference; lastKnownFileType = sourcecode.c.objc; path = AppDelegate.m; sourceTree = "<group>"; };
		483F39261EC3085E00C03253 /* LoginViewController.h */ = {isa = PBXFileReference; lastKnownFileType = sourcecode.c.h; path = LoginViewController.h; sourceTree = "<group>"; };
		483F39271EC3085E00C03253 /* LoginViewController.m */ = {isa = PBXFileReference; lastKnownFileType = sourcecode.c.objc; path = LoginViewController.m; sourceTree = "<group>"; };
		483F392A1EC3085E00C03253 /* Base */ = {isa = PBXFileReference; lastKnownFileType = file.storyboard; name = Base; path = Base.lproj/Main.storyboard; sourceTree = "<group>"; };
		483F392C1EC3085E00C03253 /* Assets.xcassets */ = {isa = PBXFileReference; lastKnownFileType = folder.assetcatalog; path = Assets.xcassets; sourceTree = "<group>"; };
		483F392F1EC3085E00C03253 /* Base */ = {isa = PBXFileReference; lastKnownFileType = file.storyboard; name = Base; path = Base.lproj/LaunchScreen.storyboard; sourceTree = "<group>"; };
		483F39311EC3085E00C03253 /* Info.plist */ = {isa = PBXFileReference; lastKnownFileType = text.plist.xml; path = Info.plist; sourceTree = "<group>"; };
		483F39381EC3518500C03253 /* ForgotPasswordViewController.h */ = {isa = PBXFileReference; fileEncoding = 4; lastKnownFileType = sourcecode.c.h; name = ForgotPasswordViewController.h; path = ViewController/ForgotPasswordViewController.h; sourceTree = "<group>"; };
		483F39391EC3518500C03253 /* ForgotPasswordViewController.m */ = {isa = PBXFileReference; fileEncoding = 4; lastKnownFileType = sourcecode.c.objc; name = ForgotPasswordViewController.m; path = ViewController/ForgotPasswordViewController.m; sourceTree = "<group>"; };
		484278081ECABC3000183A60 /* List.h */ = {isa = PBXFileReference; fileEncoding = 4; lastKnownFileType = sourcecode.c.h; name = List.h; path = Object/Plain/List.h; sourceTree = "<group>"; };
		484278091ECABC3000183A60 /* List.m */ = {isa = PBXFileReference; fileEncoding = 4; lastKnownFileType = sourcecode.c.objc; name = List.m; path = Object/Plain/List.m; sourceTree = "<group>"; };
		4846E22C1EE66A70000C08B7 /* DataMAPFormViewController.h */ = {isa = PBXFileReference; fileEncoding = 4; lastKnownFileType = sourcecode.c.h; name = DataMAPFormViewController.h; path = ViewController/DataMAPFormViewController.h; sourceTree = "<group>"; };
		4846E22D1EE66A70000C08B7 /* DataMAPFormViewController.m */ = {isa = PBXFileReference; fileEncoding = 4; lastKnownFileType = sourcecode.c.objc; name = DataMAPFormViewController.m; path = ViewController/DataMAPFormViewController.m; sourceTree = "<group>"; };
		4846E22E1EE66A70000C08B7 /* DataMAPFormViewController.xib */ = {isa = PBXFileReference; fileEncoding = 4; lastKnownFileType = file.xib; name = DataMAPFormViewController.xib; path = ViewController/DataMAPFormViewController.xib; sourceTree = "<group>"; };
		4846E2311EE6C650000C08B7 /* DataMAPModel.h */ = {isa = PBXFileReference; fileEncoding = 4; lastKnownFileType = sourcecode.c.h; name = DataMAPModel.h; path = Model/DataMAPModel.h; sourceTree = "<group>"; };
		4846E2321EE6C650000C08B7 /* DataMAPModel.m */ = {isa = PBXFileReference; fileEncoding = 4; lastKnownFileType = sourcecode.c.objc; name = DataMAPModel.m; path = Model/DataMAPModel.m; sourceTree = "<group>"; };
		4846E2341EE6E92A000C08B7 /* DropdownModel.h */ = {isa = PBXFileReference; fileEncoding = 4; lastKnownFileType = sourcecode.c.h; name = DropdownModel.h; path = Model/DropdownModel.h; sourceTree = "<group>"; };
		4846E2351EE6E92A000C08B7 /* DropdownModel.m */ = {isa = PBXFileReference; fileEncoding = 4; lastKnownFileType = sourcecode.c.objc; name = DropdownModel.m; path = Model/DropdownModel.m; sourceTree = "<group>"; };
		48482E6B1EC999B30029ACBE /* ListViewController.h */ = {isa = PBXFileReference; fileEncoding = 4; lastKnownFileType = sourcecode.c.h; name = ListViewController.h; path = ViewController/ListViewController.h; sourceTree = "<group>"; };
		48482E6C1EC999B30029ACBE /* ListViewController.m */ = {isa = PBXFileReference; fileEncoding = 4; lastKnownFileType = sourcecode.c.objc; name = ListViewController.m; path = ViewController/ListViewController.m; sourceTree = "<group>"; };
		48482E6D1EC999B30029ACBE /* ListViewController.xib */ = {isa = PBXFileReference; fileEncoding = 4; lastKnownFileType = file.xib; name = ListViewController.xib; path = ViewController/ListViewController.xib; sourceTree = "<group>"; };
		48482E701EC99B230029ACBE /* ListTableViewCell.h */ = {isa = PBXFileReference; fileEncoding = 4; lastKnownFileType = sourcecode.c.h; name = ListTableViewCell.h; path = ViewController/ListTableViewCell.h; sourceTree = "<group>"; };
		48482E711EC99B230029ACBE /* ListTableViewCell.m */ = {isa = PBXFileReference; fileEncoding = 4; lastKnownFileType = sourcecode.c.objc; name = ListTableViewCell.m; path = ViewController/ListTableViewCell.m; sourceTree = "<group>"; };
		48482E721EC99B230029ACBE /* ListTableViewCell.xib */ = {isa = PBXFileReference; fileEncoding = 4; lastKnownFileType = file.xib; name = ListTableViewCell.xib; path = ViewController/ListTableViewCell.xib; sourceTree = "<group>"; };
		4849EED81EC8185E00415E4B /* Form.h */ = {isa = PBXFileReference; fileEncoding = 4; lastKnownFileType = sourcecode.c.h; name = Form.h; path = Object/Realm/Form.h; sourceTree = "<group>"; };
		4849EED91EC8185E00415E4B /* Form.m */ = {isa = PBXFileReference; fileEncoding = 4; lastKnownFileType = sourcecode.c.objc; name = Form.m; path = Object/Realm/Form.m; sourceTree = "<group>"; };
		4849EEDB1EC8190300415E4B /* Option.h */ = {isa = PBXFileReference; fileEncoding = 4; lastKnownFileType = sourcecode.c.h; name = Option.h; path = Object/Realm/Option.h; sourceTree = "<group>"; };
		4849EEDC1EC8190300415E4B /* Option.m */ = {isa = PBXFileReference; fileEncoding = 4; lastKnownFileType = sourcecode.c.objc; name = Option.m; path = Object/Realm/Option.m; sourceTree = "<group>"; };
		4849EEDE1EC8815000415E4B /* FormViewController.h */ = {isa = PBXFileReference; fileEncoding = 4; lastKnownFileType = sourcecode.c.h; name = FormViewController.h; path = ViewController/FormViewController.h; sourceTree = "<group>"; };
		4849EEDF1EC8815000415E4B /* FormViewController.m */ = {isa = PBXFileReference; fileEncoding = 4; lastKnownFileType = sourcecode.c.objc; name = FormViewController.m; path = ViewController/FormViewController.m; sourceTree = "<group>"; };
		4849EEE01EC8815000415E4B /* FormViewController.xib */ = {isa = PBXFileReference; fileEncoding = 4; lastKnownFileType = file.xib; name = FormViewController.xib; path = ViewController/FormViewController.xib; sourceTree = "<group>"; };
		4866A8981ECD8B2200A89E98 /* FloatLabeledTextFieldCell.h */ = {isa = PBXFileReference; fileEncoding = 4; lastKnownFileType = sourcecode.c.h; path = FloatLabeledTextFieldCell.h; sourceTree = "<group>"; };
		4866A8991ECD8B2200A89E98 /* FloatLabeledTextFieldCell.m */ = {isa = PBXFileReference; fileEncoding = 4; lastKnownFileType = sourcecode.c.objc; path = FloatLabeledTextFieldCell.m; sourceTree = "<group>"; };
		487F39F41ED64F9400D6E580 /* APIModel.h */ = {isa = PBXFileReference; fileEncoding = 4; lastKnownFileType = sourcecode.c.h; name = APIModel.h; path = Model/APIModel.h; sourceTree = "<group>"; };
		487F39F51ED64F9400D6E580 /* APIModel.m */ = {isa = PBXFileReference; fileEncoding = 4; lastKnownFileType = sourcecode.c.objc; name = APIModel.m; path = Model/APIModel.m; sourceTree = "<group>"; };
		487F39F71ED678D400D6E580 /* Action.h */ = {isa = PBXFileReference; fileEncoding = 4; lastKnownFileType = sourcecode.c.h; name = Action.h; path = Object/Realm/Action.h; sourceTree = "<group>"; };
		487F39F81ED678D400D6E580 /* Action.m */ = {isa = PBXFileReference; fileEncoding = 4; lastKnownFileType = sourcecode.c.objc; name = Action.m; path = Object/Realm/Action.m; sourceTree = "<group>"; };
		48859A6E1ECC3FEC006EFDE6 /* FormRow.h */ = {isa = PBXFileReference; fileEncoding = 4; lastKnownFileType = sourcecode.c.h; name = FormRow.h; path = Object/Realm/FormRow.h; sourceTree = "<group>"; };
		48859A6F1ECC3FEC006EFDE6 /* FormRow.m */ = {isa = PBXFileReference; fileEncoding = 4; lastKnownFileType = sourcecode.c.objc; name = FormRow.m; path = Object/Realm/FormRow.m; sourceTree = "<group>"; };
		4886BAFB1EC42EDD000F8DBE /* MenuViewController.h */ = {isa = PBXFileReference; fileEncoding = 4; lastKnownFileType = sourcecode.c.h; name = MenuViewController.h; path = ViewController/MenuViewController.h; sourceTree = "<group>"; };
		4886BAFC1EC42EDD000F8DBE /* MenuViewController.m */ = {isa = PBXFileReference; fileEncoding = 4; lastKnownFileType = sourcecode.c.objc; name = MenuViewController.m; path = ViewController/MenuViewController.m; sourceTree = "<group>"; };
		4886BB031EC4ABD1000F8DBE /* PopulateRealmDatabase.h */ = {isa = PBXFileReference; fileEncoding = 4; lastKnownFileType = sourcecode.c.h; name = PopulateRealmDatabase.h; path = Object/Realm/PopulateRealmDatabase.h; sourceTree = "<group>"; };
		4886BB041EC4ABD1000F8DBE /* PopulateRealmDatabase.m */ = {isa = PBXFileReference; fileEncoding = 4; lastKnownFileType = sourcecode.c.objc; name = PopulateRealmDatabase.m; path = Object/Realm/PopulateRealmDatabase.m; sourceTree = "<group>"; };
		4886BB061EC4ABF8000F8DBE /* Menu.h */ = {isa = PBXFileReference; fileEncoding = 4; lastKnownFileType = sourcecode.c.h; name = Menu.h; path = Object/Realm/Menu.h; sourceTree = "<group>"; };
		4886BB071EC4ABF8000F8DBE /* Menu.m */ = {isa = PBXFileReference; fileEncoding = 4; lastKnownFileType = sourcecode.c.objc; name = Menu.m; path = Object/Realm/Menu.m; sourceTree = "<group>"; };
		48CDD8291EC9B1FB0038D626 /* SimpleListViewController.h */ = {isa = PBXFileReference; fileEncoding = 4; lastKnownFileType = sourcecode.c.h; name = SimpleListViewController.h; path = ViewController/SimpleListViewController.h; sourceTree = "<group>"; };
		48CDD82A1EC9B1FB0038D626 /* SimpleListViewController.m */ = {isa = PBXFileReference; fileEncoding = 4; lastKnownFileType = sourcecode.c.objc; name = SimpleListViewController.m; path = ViewController/SimpleListViewController.m; sourceTree = "<group>"; };
		48CDD82B1EC9B1FB0038D626 /* SimpleListViewController.xib */ = {isa = PBXFileReference; fileEncoding = 4; lastKnownFileType = file.xib; name = SimpleListViewController.xib; path = ViewController/SimpleListViewController.xib; sourceTree = "<group>"; };
		48CDD8311EC9B3AD0038D626 /* SimpleListTableViewCell.h */ = {isa = PBXFileReference; fileEncoding = 4; lastKnownFileType = sourcecode.c.h; name = SimpleListTableViewCell.h; path = ViewController/SimpleListTableViewCell.h; sourceTree = "<group>"; };
		48CDD8321EC9B3AD0038D626 /* SimpleListTableViewCell.m */ = {isa = PBXFileReference; fileEncoding = 4; lastKnownFileType = sourcecode.c.objc; name = SimpleListTableViewCell.m; path = ViewController/SimpleListTableViewCell.m; sourceTree = "<group>"; };
		48CDD8331EC9B3AD0038D626 /* SimpleListTableViewCell.xib */ = {isa = PBXFileReference; fileEncoding = 4; lastKnownFileType = file.xib; name = SimpleListTableViewCell.xib; path = ViewController/SimpleListTableViewCell.xib; sourceTree = "<group>"; };
		48CDD8371EC9B8A50038D626 /* SubmenuViewController.h */ = {isa = PBXFileReference; fileEncoding = 4; lastKnownFileType = sourcecode.c.h; name = SubmenuViewController.h; path = ViewController/SubmenuViewController.h; sourceTree = "<group>"; };
		48CDD8381EC9B8A50038D626 /* SubmenuViewController.m */ = {isa = PBXFileReference; fileEncoding = 4; lastKnownFileType = sourcecode.c.objc; name = SubmenuViewController.m; path = ViewController/SubmenuViewController.m; sourceTree = "<group>"; };
		48CDD8391EC9B8A50038D626 /* SubmenuViewController.xib */ = {isa = PBXFileReference; fileEncoding = 4; lastKnownFileType = file.xib; name = SubmenuViewController.xib; path = ViewController/SubmenuViewController.xib; sourceTree = "<group>"; };
		48CDD83F1EC9BA1A0038D626 /* SubmenuTableViewCell.h */ = {isa = PBXFileReference; fileEncoding = 4; lastKnownFileType = sourcecode.c.h; name = SubmenuTableViewCell.h; path = ViewController/SubmenuTableViewCell.h; sourceTree = "<group>"; };
		48CDD8401EC9BA1A0038D626 /* SubmenuTableViewCell.m */ = {isa = PBXFileReference; fileEncoding = 4; lastKnownFileType = sourcecode.c.objc; name = SubmenuTableViewCell.m; path = ViewController/SubmenuTableViewCell.m; sourceTree = "<group>"; };
		48CDD8411EC9BA1A0038D626 /* SubmenuTableViewCell.xib */ = {isa = PBXFileReference; fileEncoding = 4; lastKnownFileType = file.xib; name = SubmenuTableViewCell.xib; path = ViewController/SubmenuTableViewCell.xib; sourceTree = "<group>"; };
		48D44D4A1EDF8F28005FC8DB /* NSString+MixedCasing.h */ = {isa = PBXFileReference; fileEncoding = 4; lastKnownFileType = sourcecode.c.h; path = "NSString+MixedCasing.h"; sourceTree = "<group>"; };
		48D44D4B1EDF8F28005FC8DB /* NSString+MixedCasing.m */ = {isa = PBXFileReference; fileEncoding = 4; lastKnownFileType = sourcecode.c.objc; path = "NSString+MixedCasing.m"; sourceTree = "<group>"; };
		48D44D4D1EDFD2AF005FC8DB /* ISO8601DateFormatter.h */ = {isa = PBXFileReference; fileEncoding = 4; lastKnownFileType = sourcecode.c.h; path = ISO8601DateFormatter.h; sourceTree = "<group>"; };
		48D44D4E1EDFD2AF005FC8DB /* ISO8601DateFormatter.m */ = {isa = PBXFileReference; fileEncoding = 4; lastKnownFileType = sourcecode.c.objc; path = ISO8601DateFormatter.m; sourceTree = "<group>"; };
		48D44D511EE7A42C005FC8DB /* SurveyFormViewController.h */ = {isa = PBXFileReference; fileEncoding = 4; lastKnownFileType = sourcecode.c.h; name = SurveyFormViewController.h; path = ViewController/SurveyFormViewController.h; sourceTree = "<group>"; };
		48D44D521EE7A42C005FC8DB /* SurveyFormViewController.m */ = {isa = PBXFileReference; fileEncoding = 4; lastKnownFileType = sourcecode.c.objc; name = SurveyFormViewController.m; path = ViewController/SurveyFormViewController.m; sourceTree = "<group>"; };
		48D44D531EE7A42C005FC8DB /* SurveyFormViewController.xib */ = {isa = PBXFileReference; fileEncoding = 4; lastKnownFileType = file.xib; name = SurveyFormViewController.xib; path = ViewController/SurveyFormViewController.xib; sourceTree = "<group>"; };
		48D44D561EE83A2F005FC8DB /* SurveyModel.h */ = {isa = PBXFileReference; fileEncoding = 4; lastKnownFileType = sourcecode.c.h; name = SurveyModel.h; path = Model/SurveyModel.h; sourceTree = "<group>"; };
		48D44D571EE83A2F005FC8DB /* SurveyModel.m */ = {isa = PBXFileReference; fileEncoding = 4; lastKnownFileType = sourcecode.c.objc; name = SurveyModel.m; path = Model/SurveyModel.m; sourceTree = "<group>"; };
		48F7F4041EC5C931008DB808 /* Role.h */ = {isa = PBXFileReference; fileEncoding = 4; lastKnownFileType = sourcecode.c.h; name = Role.h; path = Object/Realm/Role.h; sourceTree = "<group>"; };
		48F7F4051EC5C931008DB808 /* Role.m */ = {isa = PBXFileReference; fileEncoding = 4; lastKnownFileType = sourcecode.c.objc; name = Role.m; path = Object/Realm/Role.m; sourceTree = "<group>"; };
		5C0138731EE43C9300B9B40B /* ContactUsViewController.h */ = {isa = PBXFileReference; fileEncoding = 4; lastKnownFileType = sourcecode.c.h; path = ContactUsViewController.h; sourceTree = "<group>"; };
		5C0138741EE43C9300B9B40B /* ContactUsViewController.m */ = {isa = PBXFileReference; fileEncoding = 4; lastKnownFileType = sourcecode.c.objc; path = ContactUsViewController.m; sourceTree = "<group>"; };
		5C4587631EE2A02D004AC7FE /* CreditSimulationViewController.h */ = {isa = PBXFileReference; fileEncoding = 4; lastKnownFileType = sourcecode.c.h; path = CreditSimulationViewController.h; sourceTree = "<group>"; };
		5C4587641EE2A02D004AC7FE /* CreditSimulationViewController.m */ = {isa = PBXFileReference; fileEncoding = 4; lastKnownFileType = sourcecode.c.objc; path = CreditSimulationViewController.m; sourceTree = "<group>"; };
		5C586E981ECB183200A5A626 /* HelpTableViewController.h */ = {isa = PBXFileReference; fileEncoding = 4; lastKnownFileType = sourcecode.c.h; path = HelpTableViewController.h; sourceTree = "<group>"; };
		5C586E991ECB183200A5A626 /* HelpTableViewController.m */ = {isa = PBXFileReference; fileEncoding = 4; lastKnownFileType = sourcecode.c.objc; path = HelpTableViewController.m; sourceTree = "<group>"; };
		5C9B08EA1EC9DB8700B5E9AC /* MenuNavigationViewController.h */ = {isa = PBXFileReference; fileEncoding = 4; lastKnownFileType = sourcecode.c.h; path = MenuNavigationViewController.h; sourceTree = "<group>"; };
		5C9B08EB1EC9DB8700B5E9AC /* MenuNavigationViewController.m */ = {isa = PBXFileReference; fileEncoding = 4; lastKnownFileType = sourcecode.c.objc; path = MenuNavigationViewController.m; sourceTree = "<group>"; };
		5C9B08ED1EC9DB9300B5E9AC /* HistoryViewController.h */ = {isa = PBXFileReference; fileEncoding = 4; lastKnownFileType = sourcecode.c.h; path = HistoryViewController.h; sourceTree = "<group>"; };
		5C9B08EE1EC9DB9300B5E9AC /* HistoryViewController.m */ = {isa = PBXFileReference; fileEncoding = 4; lastKnownFileType = sourcecode.c.objc; path = HistoryViewController.m; sourceTree = "<group>"; };
		5C9B08EF1EC9DB9300B5E9AC /* HomeViewController.h */ = {isa = PBXFileReference; fileEncoding = 4; lastKnownFileType = sourcecode.c.h; path = HomeViewController.h; sourceTree = "<group>"; };
		5C9B08F01EC9DB9300B5E9AC /* HomeViewController.m */ = {isa = PBXFileReference; fileEncoding = 4; lastKnownFileType = sourcecode.c.objc; path = HomeViewController.m; sourceTree = "<group>"; };
		5C9DB2341EC3312200FC0CC9 /* MPMGlobal.h */ = {isa = PBXFileReference; fileEncoding = 4; lastKnownFileType = sourcecode.c.h; path = MPMGlobal.h; sourceTree = "<group>"; };
		5C9DB2351EC3312200FC0CC9 /* MPMGlobal.m */ = {isa = PBXFileReference; fileEncoding = 4; lastKnownFileType = sourcecode.c.objc; path = MPMGlobal.m; sourceTree = "<group>"; };
		5C9DB2371EC3314200FC0CC9 /* PrefixHeader.pch */ = {isa = PBXFileReference; lastKnownFileType = sourcecode.c.h; path = PrefixHeader.pch; sourceTree = "<group>"; };
		5C9DB2401EC3393000FC0CC9 /* MPMUserInfo.h */ = {isa = PBXFileReference; fileEncoding = 4; lastKnownFileType = sourcecode.c.h; path = MPMUserInfo.h; sourceTree = "<group>"; };
		5C9DB2411EC3393000FC0CC9 /* MPMUserInfo.m */ = {isa = PBXFileReference; fileEncoding = 4; lastKnownFileType = sourcecode.c.objc; path = MPMUserInfo.m; sourceTree = "<group>"; };
		5CBC4C751ECC8A67002ED03C /* MyProfileTableViewController.h */ = {isa = PBXFileReference; fileEncoding = 4; lastKnownFileType = sourcecode.c.h; path = MyProfileTableViewController.h; sourceTree = "<group>"; };
		5CBC4C761ECC8A67002ED03C /* MyProfileTableViewController.m */ = {isa = PBXFileReference; fileEncoding = 4; lastKnownFileType = sourcecode.c.objc; path = MyProfileTableViewController.m; sourceTree = "<group>"; };
		5CD07BD91EC342B0007C8C08 /* MPMFinance.entitlements */ = {isa = PBXFileReference; lastKnownFileType = text.plist.entitlements; path = MPMFinance.entitlements; sourceTree = "<group>"; };
		5CDC30411EC3E274001D97DB /* GoogleService-Info.plist */ = {isa = PBXFileReference; fileEncoding = 4; lastKnownFileType = text.plist.xml; path = "GoogleService-Info.plist"; sourceTree = "<group>"; };
		5CF497B61ED330FF0005327D /* registerViewController.h */ = {isa = PBXFileReference; fileEncoding = 4; lastKnownFileType = sourcecode.c.h; path = registerViewController.h; sourceTree = "<group>"; };
		5CF497B71ED330FF0005327D /* registerViewController.m */ = {isa = PBXFileReference; fileEncoding = 4; lastKnownFileType = sourcecode.c.objc; path = registerViewController.m; sourceTree = "<group>"; };
		5CF6819A1EC747A60056ACD3 /* KASlideShow.h */ = {isa = PBXFileReference; fileEncoding = 4; lastKnownFileType = sourcecode.c.h; path = KASlideShow.h; sourceTree = "<group>"; };
		5CF6819B1EC747A60056ACD3 /* KASlideShow.m */ = {isa = PBXFileReference; fileEncoding = 4; lastKnownFileType = sourcecode.c.objc; path = KASlideShow.m; sourceTree = "<group>"; };
		B57DB931C16BC9C4B3252B1C /* Pods-MPMFinance.debug.xcconfig */ = {isa = PBXFileReference; includeInIndex = 1; lastKnownFileType = text.xcconfig; name = "Pods-MPMFinance.debug.xcconfig"; path = "Pods/Target Support Files/Pods-MPMFinance/Pods-MPMFinance.debug.xcconfig"; sourceTree = "<group>"; };
		F2B2C34A7F4351773F253B9A /* libPods-MPMFinance.a */ = {isa = PBXFileReference; explicitFileType = archive.ar; includeInIndex = 0; path = "libPods-MPMFinance.a"; sourceTree = BUILT_PRODUCTS_DIR; };
		F475CB99739A3281EC48B7D3 /* Pods-MPMFinance.release.xcconfig */ = {isa = PBXFileReference; includeInIndex = 1; lastKnownFileType = text.xcconfig; name = "Pods-MPMFinance.release.xcconfig"; path = "Pods/Target Support Files/Pods-MPMFinance/Pods-MPMFinance.release.xcconfig"; sourceTree = "<group>"; };
/* End PBXFileReference section */

/* Begin PBXFrameworksBuildPhase section */
		483F391A1EC3085E00C03253 /* Frameworks */ = {
			isa = PBXFrameworksBuildPhase;
			buildActionMask = 2147483647;
			files = (
				D3738F410048C92A1AE2571B /* libPods-MPMFinance.a in Frameworks */,
			);
			runOnlyForDeploymentPostprocessing = 0;
		};
/* End PBXFrameworksBuildPhase section */

/* Begin PBXGroup section */
		4831CD1B1EDE974D001EF223 /* SubmenuCollectionViewController */ = {
			isa = PBXGroup;
			children = (
				4831CD1C1EDE97A6001EF223 /* SubmenuCollectionViewController.h */,
				4831CD1D1EDE97A6001EF223 /* SubmenuCollectionViewController.m */,
				4831CD1E1EDE97A6001EF223 /* SubmenuCollectionViewController.xib */,
				4831CD241EDE97D7001EF223 /* SubmenuCollectionViewCell.h */,
				4831CD251EDE97D7001EF223 /* SubmenuCollectionViewCell.m */,
				4831CD261EDE97D7001EF223 /* SubmenuCollectionViewCell.xib */,
			);
			name = SubmenuCollectionViewController;
			sourceTree = "<group>";
		};
		483F39141EC3085E00C03253 = {
			isa = PBXGroup;
			children = (
				483F391F1EC3085E00C03253 /* MPMFinance */,
				483F391E1EC3085E00C03253 /* Products */,
				6C2E6E6C6CDAB2318F73C3D6 /* Pods */,
				C3D09070AC4F3BE170AAB938 /* Frameworks */,
			);
			sourceTree = "<group>";
		};
		483F391E1EC3085E00C03253 /* Products */ = {
			isa = PBXGroup;
			children = (
				483F391D1EC3085E00C03253 /* MPMFinance.app */,
			);
			name = Products;
			sourceTree = "<group>";
		};
		483F391F1EC3085E00C03253 /* MPMFinance */ = {
			isa = PBXGroup;
			children = (
				5CD07BD91EC342B0007C8C08 /* MPMFinance.entitlements */,
				4886BAFE1EC4A0F7000F8DBE /* Object */,
				5C9DB23A1EC338B700FC0CC9 /* Model */,
				5C9DB2331EC3310600FC0CC9 /* Global */,
				483F39371EC3513800C03253 /* ViewController */,
				483F39231EC3085E00C03253 /* AppDelegate.h */,
				483F39241EC3085E00C03253 /* AppDelegate.m */,
				483F39291EC3085E00C03253 /* Main.storyboard */,
				483F392C1EC3085E00C03253 /* Assets.xcassets */,
				483F392E1EC3085E00C03253 /* LaunchScreen.storyboard */,
				483F39311EC3085E00C03253 /* Info.plist */,
				483F39201EC3085E00C03253 /* Supporting Files */,
			);
			path = MPMFinance;
			sourceTree = "<group>";
		};
		483F39201EC3085E00C03253 /* Supporting Files */ = {
			isa = PBXGroup;
			children = (
				5CDC30411EC3E274001D97DB /* GoogleService-Info.plist */,
				483F39211EC3085E00C03253 /* main.m */,
				5C9DB2371EC3314200FC0CC9 /* PrefixHeader.pch */,
				4866A8981ECD8B2200A89E98 /* FloatLabeledTextFieldCell.h */,
				4866A8991ECD8B2200A89E98 /* FloatLabeledTextFieldCell.m */,
				48D44D4A1EDF8F28005FC8DB /* NSString+MixedCasing.h */,
				48D44D4B1EDF8F28005FC8DB /* NSString+MixedCasing.m */,
				48D44D4D1EDFD2AF005FC8DB /* ISO8601DateFormatter.h */,
				48D44D4E1EDFD2AF005FC8DB /* ISO8601DateFormatter.m */,
			);
			name = "Supporting Files";
			sourceTree = "<group>";
		};
		483F39371EC3513800C03253 /* ViewController */ = {
			isa = PBXGroup;
			children = (
				5C0138721EE43C7C00B9B40B /* ContactUsViewController */,
				5CB037C71EE288C500B47BD6 /* CreditSimulationViewController */,
				5C9B08E91EC9DB7300B5E9AC /* TabMenuContainer */,
				48CDD8361EC9B8840038D626 /* SubmenuViewController */,
				4831CD1B1EDE974D001EF223 /* SubmenuCollectionViewController */,
				48CDD8261EC9B1A30038D626 /* ListViewController */,
				48CDD8281EC9B1C20038D626 /* DataMAPViewController */,
				48CDD8271EC9B1B10038D626 /* WorkOrderFormViewController */,
				48D44D501EE79D93005FC8DB /* SurveyFormViewController */,
				483F39261EC3085E00C03253 /* LoginViewController.h */,
				483F39271EC3085E00C03253 /* LoginViewController.m */,
				483F39381EC3518500C03253 /* ForgotPasswordViewController.h */,
				483F39391EC3518500C03253 /* ForgotPasswordViewController.m */,
				4886BAFB1EC42EDD000F8DBE /* MenuViewController.h */,
				4886BAFC1EC42EDD000F8DBE /* MenuViewController.m */,
				5CF497B61ED330FF0005327D /* registerViewController.h */,
				5CF497B71ED330FF0005327D /* registerViewController.m */,
			);
			name = ViewController;
			sourceTree = "<group>";
		};
		484278071ECABBF800183A60 /* Plain */ = {
			isa = PBXGroup;
			children = (
				484278081ECABC3000183A60 /* List.h */,
				484278091ECABC3000183A60 /* List.m */,
			);
			name = Plain;
			sourceTree = "<group>";
		};
		4849EEE61ED64E9000415E4B /* API */ = {
			isa = PBXGroup;
			children = (
				487F39F41ED64F9400D6E580 /* APIModel.h */,
				487F39F51ED64F9400D6E580 /* APIModel.m */,
				4846E2311EE6C650000C08B7 /* DataMAPModel.h */,
				4846E2321EE6C650000C08B7 /* DataMAPModel.m */,
				4846E2341EE6E92A000C08B7 /* DropdownModel.h */,
				4846E2351EE6E92A000C08B7 /* DropdownModel.m */,
				48D44D561EE83A2F005FC8DB /* SurveyModel.h */,
				48D44D571EE83A2F005FC8DB /* SurveyModel.m */,
			);
			name = API;
			sourceTree = "<group>";
		};
		4886BAFE1EC4A0F7000F8DBE /* Object */ = {
			isa = PBXGroup;
			children = (
				484278071ECABBF800183A60 /* Plain */,
				4886BB021EC4A614000F8DBE /* Realm */,
			);
			name = Object;
			sourceTree = "<group>";
		};
		4886BB021EC4A614000F8DBE /* Realm */ = {
			isa = PBXGroup;
			children = (
				4886BB061EC4ABF8000F8DBE /* Menu.h */,
				4886BB071EC4ABF8000F8DBE /* Menu.m */,
				4886BB031EC4ABD1000F8DBE /* PopulateRealmDatabase.h */,
				4886BB041EC4ABD1000F8DBE /* PopulateRealmDatabase.m */,
				48F7F4041EC5C931008DB808 /* Role.h */,
				48F7F4051EC5C931008DB808 /* Role.m */,
				4849EED81EC8185E00415E4B /* Form.h */,
				4849EED91EC8185E00415E4B /* Form.m */,
				4849EEDB1EC8190300415E4B /* Option.h */,
				4849EEDC1EC8190300415E4B /* Option.m */,
				48859A6E1ECC3FEC006EFDE6 /* FormRow.h */,
				48859A6F1ECC3FEC006EFDE6 /* FormRow.m */,
				487F39F71ED678D400D6E580 /* Action.h */,
				487F39F81ED678D400D6E580 /* Action.m */,
			);
			name = Realm;
			sourceTree = "<group>";
		};
		48CDD8261EC9B1A30038D626 /* ListViewController */ = {
			isa = PBXGroup;
			children = (
				48482E6B1EC999B30029ACBE /* ListViewController.h */,
				48482E6C1EC999B30029ACBE /* ListViewController.m */,
				48482E6D1EC999B30029ACBE /* ListViewController.xib */,
				48482E701EC99B230029ACBE /* ListTableViewCell.h */,
				48482E711EC99B230029ACBE /* ListTableViewCell.m */,
				48482E721EC99B230029ACBE /* ListTableViewCell.xib */,
			);
			name = ListViewController;
			sourceTree = "<group>";
		};
		48CDD8271EC9B1B10038D626 /* WorkOrderFormViewController */ = {
			isa = PBXGroup;
			children = (
				4849EEDE1EC8815000415E4B /* FormViewController.h */,
				4849EEDF1EC8815000415E4B /* FormViewController.m */,
				4849EEE01EC8815000415E4B /* FormViewController.xib */,
			);
			name = WorkOrderFormViewController;
			sourceTree = "<group>";
		};
		48CDD8281EC9B1C20038D626 /* DataMAPViewController */ = {
			isa = PBXGroup;
			children = (
				48CDD8291EC9B1FB0038D626 /* SimpleListViewController.h */,
				48CDD82A1EC9B1FB0038D626 /* SimpleListViewController.m */,
				48CDD82B1EC9B1FB0038D626 /* SimpleListViewController.xib */,
				48CDD8311EC9B3AD0038D626 /* SimpleListTableViewCell.h */,
				48CDD8321EC9B3AD0038D626 /* SimpleListTableViewCell.m */,
				48CDD8331EC9B3AD0038D626 /* SimpleListTableViewCell.xib */,
				4846E22C1EE66A70000C08B7 /* DataMAPFormViewController.h */,
				4846E22D1EE66A70000C08B7 /* DataMAPFormViewController.m */,
				4846E22E1EE66A70000C08B7 /* DataMAPFormViewController.xib */,
			);
			name = DataMAPViewController;
			sourceTree = "<group>";
		};
		48CDD8361EC9B8840038D626 /* SubmenuViewController */ = {
			isa = PBXGroup;
			children = (
				48CDD8371EC9B8A50038D626 /* SubmenuViewController.h */,
				48CDD8381EC9B8A50038D626 /* SubmenuViewController.m */,
				48CDD8391EC9B8A50038D626 /* SubmenuViewController.xib */,
				48CDD83F1EC9BA1A0038D626 /* SubmenuTableViewCell.h */,
				48CDD8401EC9BA1A0038D626 /* SubmenuTableViewCell.m */,
				48CDD8411EC9BA1A0038D626 /* SubmenuTableViewCell.xib */,
			);
			name = SubmenuViewController;
			sourceTree = "<group>";
		};
		48D44D501EE79D93005FC8DB /* SurveyFormViewController */ = {
			isa = PBXGroup;
			children = (
				48D44D511EE7A42C005FC8DB /* SurveyFormViewController.h */,
				48D44D521EE7A42C005FC8DB /* SurveyFormViewController.m */,
				48D44D531EE7A42C005FC8DB /* SurveyFormViewController.xib */,
			);
			name = SurveyFormViewController;
			sourceTree = "<group>";
		};
		5C0138721EE43C7C00B9B40B /* ContactUsViewController */ = {
			isa = PBXGroup;
			children = (
				5C0138731EE43C9300B9B40B /* ContactUsViewController.h */,
				5C0138741EE43C9300B9B40B /* ContactUsViewController.m */,
			);
			name = ContactUsViewController;
			sourceTree = "<group>";
		};
		5C5B47F11ED5CB8D008E7E2E /* HomeSubmenu */ = {
			isa = PBXGroup;
			children = (
			);
			name = HomeSubmenu;
			sourceTree = "<group>";
		};
		5C9B08E91EC9DB7300B5E9AC /* TabMenuContainer */ = {
			isa = PBXGroup;
			children = (
				5C5B47F11ED5CB8D008E7E2E /* HomeSubmenu */,
				5C9B08ED1EC9DB9300B5E9AC /* HistoryViewController.h */,
				5C9B08EE1EC9DB9300B5E9AC /* HistoryViewController.m */,
				5C9B08EF1EC9DB9300B5E9AC /* HomeViewController.h */,
				5C9B08F01EC9DB9300B5E9AC /* HomeViewController.m */,
				5C9B08EA1EC9DB8700B5E9AC /* MenuNavigationViewController.h */,
				5C9B08EB1EC9DB8700B5E9AC /* MenuNavigationViewController.m */,
				5C586E981ECB183200A5A626 /* HelpTableViewController.h */,
				5C586E991ECB183200A5A626 /* HelpTableViewController.m */,
				5CBC4C751ECC8A67002ED03C /* MyProfileTableViewController.h */,
				5CBC4C761ECC8A67002ED03C /* MyProfileTableViewController.m */,
			);
			name = TabMenuContainer;
			sourceTree = "<group>";
		};
		5C9DB2331EC3310600FC0CC9 /* Global */ = {
			isa = PBXGroup;
			children = (
				5C9DB2341EC3312200FC0CC9 /* MPMGlobal.h */,
				5C9DB2351EC3312200FC0CC9 /* MPMGlobal.m */,
			);
			name = Global;
			sourceTree = "<group>";
		};
		5C9DB23A1EC338B700FC0CC9 /* Model */ = {
			isa = PBXGroup;
			children = (
				4849EEE61ED64E9000415E4B /* API */,
				5C9DB2401EC3393000FC0CC9 /* MPMUserInfo.h */,
				5C9DB2411EC3393000FC0CC9 /* MPMUserInfo.m */,
			);
			name = Model;
			sourceTree = "<group>";
		};
		5CB037C71EE288C500B47BD6 /* CreditSimulationViewController */ = {
			isa = PBXGroup;
			children = (
				5C4587631EE2A02D004AC7FE /* CreditSimulationViewController.h */,
				5C4587641EE2A02D004AC7FE /* CreditSimulationViewController.m */,
			);
			name = CreditSimulationViewController;
			sourceTree = "<group>";
		};
		6C2E6E6C6CDAB2318F73C3D6 /* Pods */ = {
			isa = PBXGroup;
			children = (
				B57DB931C16BC9C4B3252B1C /* Pods-MPMFinance.debug.xcconfig */,
				F475CB99739A3281EC48B7D3 /* Pods-MPMFinance.release.xcconfig */,
			);
			name = Pods;
			sourceTree = "<group>";
		};
		C3D09070AC4F3BE170AAB938 /* Frameworks */ = {
			isa = PBXGroup;
			children = (
				5CF6819A1EC747A60056ACD3 /* KASlideShow.h */,
				5CF6819B1EC747A60056ACD3 /* KASlideShow.m */,
				F2B2C34A7F4351773F253B9A /* libPods-MPMFinance.a */,
			);
			name = Frameworks;
			sourceTree = "<group>";
		};
/* End PBXGroup section */

/* Begin PBXNativeTarget section */
		483F391C1EC3085E00C03253 /* MPMFinance */ = {
			isa = PBXNativeTarget;
			buildConfigurationList = 483F39341EC3085E00C03253 /* Build configuration list for PBXNativeTarget "MPMFinance" */;
			buildPhases = (
				FCA32B42147D5B3B1322675D /* [CP] Check Pods Manifest.lock */,
				483F39191EC3085E00C03253 /* Sources */,
				483F391A1EC3085E00C03253 /* Frameworks */,
				483F391B1EC3085E00C03253 /* Resources */,
				BB4C22AC3757216ACFD533FD /* [CP] Embed Pods Frameworks */,
				E83E428784874BFDD8C5832B /* [CP] Copy Pods Resources */,
			);
			buildRules = (
			);
			dependencies = (
			);
			name = MPMFinance;
			productName = MPMFinance;
			productReference = 483F391D1EC3085E00C03253 /* MPMFinance.app */;
			productType = "com.apple.product-type.application";
		};
/* End PBXNativeTarget section */

/* Begin PBXProject section */
		483F39151EC3085E00C03253 /* Project object */ = {
			isa = PBXProject;
			attributes = {
				LastUpgradeCheck = 0830;
				ORGANIZATIONNAME = MPMFinance;
				TargetAttributes = {
					483F391C1EC3085E00C03253 = {
						CreatedOnToolsVersion = 8.3.1;
						DevelopmentTeam = 7WELLXNPG5;
						ProvisioningStyle = Automatic;
						SystemCapabilities = {
							com.apple.BackgroundModes = {
								enabled = 1;
							};
							com.apple.Push = {
								enabled = 1;
							};
						};
					};
				};
			};
			buildConfigurationList = 483F39181EC3085E00C03253 /* Build configuration list for PBXProject "MPMFinance" */;
			compatibilityVersion = "Xcode 3.2";
			developmentRegion = English;
			hasScannedForEncodings = 0;
			knownRegions = (
				en,
				Base,
			);
			mainGroup = 483F39141EC3085E00C03253;
			productRefGroup = 483F391E1EC3085E00C03253 /* Products */;
			projectDirPath = "";
			projectRoot = "";
			targets = (
				483F391C1EC3085E00C03253 /* MPMFinance */,
			);
		};
/* End PBXProject section */

/* Begin PBXResourcesBuildPhase section */
		483F391B1EC3085E00C03253 /* Resources */ = {
			isa = PBXResourcesBuildPhase;
			buildActionMask = 2147483647;
			files = (
				483F39301EC3085E00C03253 /* LaunchScreen.storyboard in Resources */,
				4846E2301EE66A70000C08B7 /* DataMAPFormViewController.xib in Resources */,
				483F392D1EC3085E00C03253 /* Assets.xcassets in Resources */,
				48CDD82D1EC9B1FB0038D626 /* SimpleListViewController.xib in Resources */,
				48482E6F1EC999B30029ACBE /* ListViewController.xib in Resources */,
				483F392B1EC3085E00C03253 /* Main.storyboard in Resources */,
				4849EEE21EC8815000415E4B /* FormViewController.xib in Resources */,
				5CDC30421EC3E274001D97DB /* GoogleService-Info.plist in Resources */,
				48CDD8351EC9B3AD0038D626 /* SimpleListTableViewCell.xib in Resources */,
				48CDD83B1EC9B8A50038D626 /* SubmenuViewController.xib in Resources */,
				48482E741EC99B230029ACBE /* ListTableViewCell.xib in Resources */,
				4831CD281EDE97D7001EF223 /* SubmenuCollectionViewCell.xib in Resources */,
				4831CD201EDE97A6001EF223 /* SubmenuCollectionViewController.xib in Resources */,
				48D44D551EE7A42C005FC8DB /* SurveyFormViewController.xib in Resources */,
				48CDD8431EC9BA1A0038D626 /* SubmenuTableViewCell.xib in Resources */,
			);
			runOnlyForDeploymentPostprocessing = 0;
		};
/* End PBXResourcesBuildPhase section */

/* Begin PBXShellScriptBuildPhase section */
		BB4C22AC3757216ACFD533FD /* [CP] Embed Pods Frameworks */ = {
			isa = PBXShellScriptBuildPhase;
			buildActionMask = 2147483647;
			files = (
			);
			inputPaths = (
			);
			name = "[CP] Embed Pods Frameworks";
			outputPaths = (
			);
			runOnlyForDeploymentPostprocessing = 0;
			shellPath = /bin/sh;
			shellScript = "\"${SRCROOT}/Pods/Target Support Files/Pods-MPMFinance/Pods-MPMFinance-frameworks.sh\"\n";
			showEnvVarsInLog = 0;
		};
		E83E428784874BFDD8C5832B /* [CP] Copy Pods Resources */ = {
			isa = PBXShellScriptBuildPhase;
			buildActionMask = 2147483647;
			files = (
			);
			inputPaths = (
			);
			name = "[CP] Copy Pods Resources";
			outputPaths = (
			);
			runOnlyForDeploymentPostprocessing = 0;
			shellPath = /bin/sh;
			shellScript = "\"${SRCROOT}/Pods/Target Support Files/Pods-MPMFinance/Pods-MPMFinance-resources.sh\"\n";
			showEnvVarsInLog = 0;
		};
		FCA32B42147D5B3B1322675D /* [CP] Check Pods Manifest.lock */ = {
			isa = PBXShellScriptBuildPhase;
			buildActionMask = 2147483647;
			files = (
			);
			inputPaths = (
			);
			name = "[CP] Check Pods Manifest.lock";
			outputPaths = (
			);
			runOnlyForDeploymentPostprocessing = 0;
			shellPath = /bin/sh;
			shellScript = "diff \"${PODS_PODFILE_DIR_PATH}/Podfile.lock\" \"${PODS_ROOT}/Manifest.lock\" > /dev/null\nif [ $? != 0 ] ; then\n    # print error to STDERR\n    echo \"error: The sandbox is not in sync with the Podfile.lock. Run 'pod install' or update your CocoaPods installation.\" >&2\n    exit 1\nfi\n";
			showEnvVarsInLog = 0;
		};
/* End PBXShellScriptBuildPhase section */

/* Begin PBXSourcesBuildPhase section */
		483F39191EC3085E00C03253 /* Sources */ = {
			isa = PBXSourcesBuildPhase;
			buildActionMask = 2147483647;
			files = (
				5C9B08F11EC9DB9300B5E9AC /* HistoryViewController.m in Sources */,
				48D44D581EE83A2F005FC8DB /* SurveyModel.m in Sources */,
				487F39F91ED678D400D6E580 /* Action.m in Sources */,
				48D44D4C1EDF8F28005FC8DB /* NSString+MixedCasing.m in Sources */,
				4849EEDD1EC8190300415E4B /* Option.m in Sources */,
				4846E2331EE6C650000C08B7 /* DataMAPModel.m in Sources */,
				4831CD271EDE97D7001EF223 /* SubmenuCollectionViewCell.m in Sources */,
				48482E731EC99B230029ACBE /* ListTableViewCell.m in Sources */,
				48CDD82C1EC9B1FB0038D626 /* SimpleListViewController.m in Sources */,
				483F393A1EC3518500C03253 /* ForgotPasswordViewController.m in Sources */,
				48D44D541EE7A42C005FC8DB /* SurveyFormViewController.m in Sources */,
				4842780A1ECABC3000183A60 /* List.m in Sources */,
				483F39281EC3085E00C03253 /* LoginViewController.m in Sources */,
				5C0138751EE43C9300B9B40B /* ContactUsViewController.m in Sources */,
				5CF6819C1EC747A60056ACD3 /* KASlideShow.m in Sources */,
				4849EEE11EC8815000415E4B /* FormViewController.m in Sources */,
				5C9DB2361EC3312200FC0CC9 /* MPMGlobal.m in Sources */,
				4866A89A1ECD8B2200A89E98 /* FloatLabeledTextFieldCell.m in Sources */,
				483F39251EC3085E00C03253 /* AppDelegate.m in Sources */,
				4886BAFD1EC42EDD000F8DBE /* MenuViewController.m in Sources */,
				5C4587651EE2A02D004AC7FE /* CreditSimulationViewController.m in Sources */,
				5C9B08EC1EC9DB8700B5E9AC /* MenuNavigationViewController.m in Sources */,
				48CDD8421EC9BA1A0038D626 /* SubmenuTableViewCell.m in Sources */,
				48F7F4061EC5C931008DB808 /* Role.m in Sources */,
				5CBC4C771ECC8A67002ED03C /* MyProfileTableViewController.m in Sources */,
				4831CD1F1EDE97A6001EF223 /* SubmenuCollectionViewController.m in Sources */,
				4846E2361EE6E92A000C08B7 /* DropdownModel.m in Sources */,
				48CDD83A1EC9B8A50038D626 /* SubmenuViewController.m in Sources */,
				48859A701ECC3FEC006EFDE6 /* FormRow.m in Sources */,
				48482E6E1EC999B30029ACBE /* ListViewController.m in Sources */,
				48CDD8341EC9B3AD0038D626 /* SimpleListTableViewCell.m in Sources */,
				487F39F61ED64F9400D6E580 /* APIModel.m in Sources */,
				483F39221EC3085E00C03253 /* main.m in Sources */,
				4846E22F1EE66A70000C08B7 /* DataMAPFormViewController.m in Sources */,
				4886BB081EC4ABF8000F8DBE /* Menu.m in Sources */,
				4849EEDA1EC8185E00415E4B /* Form.m in Sources */,
				4886BB051EC4ABD1000F8DBE /* PopulateRealmDatabase.m in Sources */,
				5C586E9A1ECB183200A5A626 /* HelpTableViewController.m in Sources */,
				5CF497B81ED330FF0005327D /* registerViewController.m in Sources */,
				5C9DB2421EC3393000FC0CC9 /* MPMUserInfo.m in Sources */,
				5C9B08F21EC9DB9300B5E9AC /* HomeViewController.m in Sources */,
				48D44D4F1EDFD2AF005FC8DB /* ISO8601DateFormatter.m in Sources */,
			);
			runOnlyForDeploymentPostprocessing = 0;
		};
/* End PBXSourcesBuildPhase section */

/* Begin PBXVariantGroup section */
		483F39291EC3085E00C03253 /* Main.storyboard */ = {
			isa = PBXVariantGroup;
			children = (
				483F392A1EC3085E00C03253 /* Base */,
			);
			name = Main.storyboard;
			sourceTree = "<group>";
		};
		483F392E1EC3085E00C03253 /* LaunchScreen.storyboard */ = {
			isa = PBXVariantGroup;
			children = (
				483F392F1EC3085E00C03253 /* Base */,
			);
			name = LaunchScreen.storyboard;
			sourceTree = "<group>";
		};
/* End PBXVariantGroup section */

/* Begin XCBuildConfiguration section */
		483F39321EC3085E00C03253 /* Debug */ = {
			isa = XCBuildConfiguration;
			buildSettings = {
				ALWAYS_SEARCH_USER_PATHS = NO;
				CLANG_ANALYZER_NONNULL = YES;
				CLANG_ANALYZER_NUMBER_OBJECT_CONVERSION = YES_AGGRESSIVE;
				CLANG_CXX_LANGUAGE_STANDARD = "gnu++0x";
				CLANG_CXX_LIBRARY = "libc++";
				CLANG_ENABLE_MODULES = YES;
				CLANG_ENABLE_OBJC_ARC = YES;
				CLANG_WARN_BOOL_CONVERSION = YES;
				CLANG_WARN_CONSTANT_CONVERSION = YES;
				CLANG_WARN_DIRECT_OBJC_ISA_USAGE = YES_ERROR;
				CLANG_WARN_DOCUMENTATION_COMMENTS = YES;
				CLANG_WARN_EMPTY_BODY = YES;
				CLANG_WARN_ENUM_CONVERSION = YES;
				CLANG_WARN_INFINITE_RECURSION = YES;
				CLANG_WARN_INT_CONVERSION = YES;
				CLANG_WARN_OBJC_ROOT_CLASS = YES_ERROR;
				CLANG_WARN_SUSPICIOUS_MOVE = YES;
				CLANG_WARN_UNREACHABLE_CODE = YES;
				CLANG_WARN__DUPLICATE_METHOD_MATCH = YES;
				"CODE_SIGN_IDENTITY[sdk=iphoneos*]" = "iPhone Developer";
				COPY_PHASE_STRIP = NO;
				DEBUG_INFORMATION_FORMAT = dwarf;
				ENABLE_STRICT_OBJC_MSGSEND = YES;
				ENABLE_TESTABILITY = YES;
				GCC_C_LANGUAGE_STANDARD = gnu99;
				GCC_DYNAMIC_NO_PIC = NO;
				GCC_NO_COMMON_BLOCKS = YES;
				GCC_OPTIMIZATION_LEVEL = 0;
				GCC_PREPROCESSOR_DEFINITIONS = (
					"DEBUG=1",
					"$(inherited)",
				);
				GCC_WARN_64_TO_32_BIT_CONVERSION = YES;
				GCC_WARN_ABOUT_RETURN_TYPE = YES_ERROR;
				GCC_WARN_UNDECLARED_SELECTOR = YES;
				GCC_WARN_UNINITIALIZED_AUTOS = YES_AGGRESSIVE;
				GCC_WARN_UNUSED_FUNCTION = YES;
				GCC_WARN_UNUSED_VARIABLE = YES;
				IPHONEOS_DEPLOYMENT_TARGET = 10.3;
				MTL_ENABLE_DEBUG_INFO = YES;
				ONLY_ACTIVE_ARCH = YES;
				SDKROOT = iphoneos;
			};
			name = Debug;
		};
		483F39331EC3085E00C03253 /* Release */ = {
			isa = XCBuildConfiguration;
			buildSettings = {
				ALWAYS_SEARCH_USER_PATHS = NO;
				CLANG_ANALYZER_NONNULL = YES;
				CLANG_ANALYZER_NUMBER_OBJECT_CONVERSION = YES_AGGRESSIVE;
				CLANG_CXX_LANGUAGE_STANDARD = "gnu++0x";
				CLANG_CXX_LIBRARY = "libc++";
				CLANG_ENABLE_MODULES = YES;
				CLANG_ENABLE_OBJC_ARC = YES;
				CLANG_WARN_BOOL_CONVERSION = YES;
				CLANG_WARN_CONSTANT_CONVERSION = YES;
				CLANG_WARN_DIRECT_OBJC_ISA_USAGE = YES_ERROR;
				CLANG_WARN_DOCUMENTATION_COMMENTS = YES;
				CLANG_WARN_EMPTY_BODY = YES;
				CLANG_WARN_ENUM_CONVERSION = YES;
				CLANG_WARN_INFINITE_RECURSION = YES;
				CLANG_WARN_INT_CONVERSION = YES;
				CLANG_WARN_OBJC_ROOT_CLASS = YES_ERROR;
				CLANG_WARN_SUSPICIOUS_MOVE = YES;
				CLANG_WARN_UNREACHABLE_CODE = YES;
				CLANG_WARN__DUPLICATE_METHOD_MATCH = YES;
				"CODE_SIGN_IDENTITY[sdk=iphoneos*]" = "iPhone Developer";
				COPY_PHASE_STRIP = NO;
				DEBUG_INFORMATION_FORMAT = "dwarf-with-dsym";
				ENABLE_NS_ASSERTIONS = NO;
				ENABLE_STRICT_OBJC_MSGSEND = YES;
				GCC_C_LANGUAGE_STANDARD = gnu99;
				GCC_NO_COMMON_BLOCKS = YES;
				GCC_WARN_64_TO_32_BIT_CONVERSION = YES;
				GCC_WARN_ABOUT_RETURN_TYPE = YES_ERROR;
				GCC_WARN_UNDECLARED_SELECTOR = YES;
				GCC_WARN_UNINITIALIZED_AUTOS = YES_AGGRESSIVE;
				GCC_WARN_UNUSED_FUNCTION = YES;
				GCC_WARN_UNUSED_VARIABLE = YES;
				IPHONEOS_DEPLOYMENT_TARGET = 10.3;
				MTL_ENABLE_DEBUG_INFO = NO;
				SDKROOT = iphoneos;
				VALIDATE_PRODUCT = YES;
			};
			name = Release;
		};
		483F39351EC3085E00C03253 /* Debug */ = {
			isa = XCBuildConfiguration;
			baseConfigurationReference = B57DB931C16BC9C4B3252B1C /* Pods-MPMFinance.debug.xcconfig */;
			buildSettings = {
				ASSETCATALOG_COMPILER_APPICON_NAME = AppIcon;
				CODE_SIGN_ENTITLEMENTS = MPMFinance/MPMFinance.entitlements;
				DEVELOPMENT_TEAM = 7WELLXNPG5;
				GCC_PREFIX_HEADER = MPMFinance/PrefixHeader.pch;
				INFOPLIST_FILE = MPMFinance/Info.plist;
				IPHONEOS_DEPLOYMENT_TARGET = 9.0;
				LD_RUNPATH_SEARCH_PATHS = "$(inherited) @executable_path/Frameworks";
				PRODUCT_BUNDLE_IDENTIFIER = com.infomedia.MPMFinance;
				PRODUCT_NAME = "$(TARGET_NAME)";
				TARGETED_DEVICE_FAMILY = "1,2";
			};
			name = Debug;
		};
		483F39361EC3085E00C03253 /* Release */ = {
			isa = XCBuildConfiguration;
			baseConfigurationReference = F475CB99739A3281EC48B7D3 /* Pods-MPMFinance.release.xcconfig */;
			buildSettings = {
				ASSETCATALOG_COMPILER_APPICON_NAME = AppIcon;
				CODE_SIGN_ENTITLEMENTS = MPMFinance/MPMFinance.entitlements;
				DEVELOPMENT_TEAM = 7WELLXNPG5;
				GCC_PREFIX_HEADER = MPMFinance/PrefixHeader.pch;
				INFOPLIST_FILE = MPMFinance/Info.plist;
				IPHONEOS_DEPLOYMENT_TARGET = 9.0;
				LD_RUNPATH_SEARCH_PATHS = "$(inherited) @executable_path/Frameworks";
				PRODUCT_BUNDLE_IDENTIFIER = com.infomedia.MPMFinance;
				PRODUCT_NAME = "$(TARGET_NAME)";
				TARGETED_DEVICE_FAMILY = "1,2";
			};
			name = Release;
		};
/* End XCBuildConfiguration section */

/* Begin XCConfigurationList section */
		483F39181EC3085E00C03253 /* Build configuration list for PBXProject "MPMFinance" */ = {
			isa = XCConfigurationList;
			buildConfigurations = (
				483F39321EC3085E00C03253 /* Debug */,
				483F39331EC3085E00C03253 /* Release */,
			);
			defaultConfigurationIsVisible = 0;
			defaultConfigurationName = Release;
		};
		483F39341EC3085E00C03253 /* Build configuration list for PBXNativeTarget "MPMFinance" */ = {
			isa = XCConfigurationList;
			buildConfigurations = (
				483F39351EC3085E00C03253 /* Debug */,
				483F39361EC3085E00C03253 /* Release */,
			);
			defaultConfigurationIsVisible = 0;
			defaultConfigurationName = Release;
		};
/* End XCConfigurationList section */
	};
	rootObject = 483F39151EC3085E00C03253 /* Project object */;
}
