// !$*UTF8*$!
{
	archiveVersion = 1;
	classes = {
	};
	objectVersion = 46;
	objects = {

/* Begin PBXBuildFile section */
		483F39221EC3085E00C03253 /* main.m in Sources */ = {isa = PBXBuildFile; fileRef = 483F39211EC3085E00C03253 /* main.m */; };
		483F39251EC3085E00C03253 /* AppDelegate.m in Sources */ = {isa = PBXBuildFile; fileRef = 483F39241EC3085E00C03253 /* AppDelegate.m */; };
		483F39281EC3085E00C03253 /* LoginViewController.m in Sources */ = {isa = PBXBuildFile; fileRef = 483F39271EC3085E00C03253 /* LoginViewController.m */; };
		483F392B1EC3085E00C03253 /* Main.storyboard in Resources */ = {isa = PBXBuildFile; fileRef = 483F39291EC3085E00C03253 /* Main.storyboard */; };
		483F392D1EC3085E00C03253 /* Assets.xcassets in Resources */ = {isa = PBXBuildFile; fileRef = 483F392C1EC3085E00C03253 /* Assets.xcassets */; };
		483F39301EC3085E00C03253 /* LaunchScreen.storyboard in Resources */ = {isa = PBXBuildFile; fileRef = 483F392E1EC3085E00C03253 /* LaunchScreen.storyboard */; };
		5C9DB2361EC3312200FC0CC9 /* MPMGlobal.m in Sources */ = {isa = PBXBuildFile; fileRef = 5C9DB2351EC3312200FC0CC9 /* MPMGlobal.m */; };
		5C9DB2421EC3393000FC0CC9 /* MPMUserInfo.m in Sources */ = {isa = PBXBuildFile; fileRef = 5C9DB2411EC3393000FC0CC9 /* MPMUserInfo.m */; };
		D3738F410048C92A1AE2571B /* libPods-MPMFinance.a in Frameworks */ = {isa = PBXBuildFile; fileRef = F2B2C34A7F4351773F253B9A /* libPods-MPMFinance.a */; };
/* End PBXBuildFile section */

/* Begin PBXFileReference section */
		483F391D1EC3085E00C03253 /* MPMFinance.app */ = {isa = PBXFileReference; explicitFileType = wrapper.application; includeInIndex = 0; path = MPMFinance.app; sourceTree = BUILT_PRODUCTS_DIR; };
		483F39211EC3085E00C03253 /* main.m */ = {isa = PBXFileReference; lastKnownFileType = sourcecode.c.objc; path = main.m; sourceTree = "<group>"; };
		483F39231EC3085E00C03253 /* AppDelegate.h */ = {isa = PBXFileReference; lastKnownFileType = sourcecode.c.h; path = AppDelegate.h; sourceTree = "<group>"; };
		483F39241EC3085E00C03253 /* AppDelegate.m */ = {isa = PBXFileReference; lastKnownFileType = sourcecode.c.objc; path = AppDelegate.m; sourceTree = "<group>"; };
		483F39261EC3085E00C03253 /* LoginViewController.h */ = {isa = PBXFileReference; lastKnownFileType = sourcecode.c.h; path = LoginViewController.h; sourceTree = "<group>"; };
		483F39271EC3085E00C03253 /* LoginViewController.m */ = {isa = PBXFileReference; lastKnownFileType = sourcecode.c.objc; path = LoginViewController.m; sourceTree = "<group>"; };
		483F392A1EC3085E00C03253 /* Base */ = {isa = PBXFileReference; lastKnownFileType = file.storyboard; name = Base; path = Base.lproj/Main.storyboard; sourceTree = "<group>"; };
		483F392C1EC3085E00C03253 /* Assets.xcassets */ = {isa = PBXFileReference; lastKnownFileType = folder.assetcatalog; path = Assets.xcassets; sourceTree = "<group>"; };
		483F392F1EC3085E00C03253 /* Base */ = {isa = PBXFileReference; lastKnownFileType = file.storyboard; name = Base; path = Base.lproj/LaunchScreen.storyboard; sourceTree = "<group>"; };
		483F39311EC3085E00C03253 /* Info.plist */ = {isa = PBXFileReference; lastKnownFileType = text.plist.xml; path = Info.plist; sourceTree = "<group>"; };
		5C9DB2341EC3312200FC0CC9 /* MPMGlobal.h */ = {isa = PBXFileReference; fileEncoding = 4; lastKnownFileType = sourcecode.c.h; path = MPMGlobal.h; sourceTree = "<group>"; };
		5C9DB2351EC3312200FC0CC9 /* MPMGlobal.m */ = {isa = PBXFileReference; fileEncoding = 4; lastKnownFileType = sourcecode.c.objc; path = MPMGlobal.m; sourceTree = "<group>"; };
		5C9DB2371EC3314200FC0CC9 /* PrefixHeader.pch */ = {isa = PBXFileReference; lastKnownFileType = sourcecode.c.h; path = PrefixHeader.pch; sourceTree = "<group>"; };
		5C9DB2401EC3393000FC0CC9 /* MPMUserInfo.h */ = {isa = PBXFileReference; fileEncoding = 4; lastKnownFileType = sourcecode.c.h; path = MPMUserInfo.h; sourceTree = "<group>"; };
		5C9DB2411EC3393000FC0CC9 /* MPMUserInfo.m */ = {isa = PBXFileReference; fileEncoding = 4; lastKnownFileType = sourcecode.c.objc; path = MPMUserInfo.m; sourceTree = "<group>"; };
		B57DB931C16BC9C4B3252B1C /* Pods-MPMFinance.debug.xcconfig */ = {isa = PBXFileReference; includeInIndex = 1; lastKnownFileType = text.xcconfig; name = "Pods-MPMFinance.debug.xcconfig"; path = "Pods/Target Support Files/Pods-MPMFinance/Pods-MPMFinance.debug.xcconfig"; sourceTree = "<group>"; };
		F2B2C34A7F4351773F253B9A /* libPods-MPMFinance.a */ = {isa = PBXFileReference; explicitFileType = archive.ar; includeInIndex = 0; path = "libPods-MPMFinance.a"; sourceTree = BUILT_PRODUCTS_DIR; };
		F475CB99739A3281EC48B7D3 /* Pods-MPMFinance.release.xcconfig */ = {isa = PBXFileReference; includeInIndex = 1; lastKnownFileType = text.xcconfig; name = "Pods-MPMFinance.release.xcconfig"; path = "Pods/Target Support Files/Pods-MPMFinance/Pods-MPMFinance.release.xcconfig"; sourceTree = "<group>"; };
/* End PBXFileReference section */

/* Begin PBXFrameworksBuildPhase section */
		483F391A1EC3085E00C03253 /* Frameworks */ = {
			isa = PBXFrameworksBuildPhase;
			buildActionMask = 2147483647;
			files = (
				D3738F410048C92A1AE2571B /* libPods-MPMFinance.a in Frameworks */,
			);
			runOnlyForDeploymentPostprocessing = 0;
		};
/* End PBXFrameworksBuildPhase section */

/* Begin PBXGroup section */
		483F39141EC3085E00C03253 = {
			isa = PBXGroup;
			children = (
				483F391F1EC3085E00C03253 /* MPMFinance */,
				483F391E1EC3085E00C03253 /* Products */,
				6C2E6E6C6CDAB2318F73C3D6 /* Pods */,
				C3D09070AC4F3BE170AAB938 /* Frameworks */,
			);
			sourceTree = "<group>";
		};
		483F391E1EC3085E00C03253 /* Products */ = {
			isa = PBXGroup;
			children = (
				483F391D1EC3085E00C03253 /* MPMFinance.app */,
			);
			name = Products;
			sourceTree = "<group>";
		};
		483F391F1EC3085E00C03253 /* MPMFinance */ = {
			isa = PBXGroup;
			children = (
				5C9DB23A1EC338B700FC0CC9 /* Model */,
				5C9DB2331EC3310600FC0CC9 /* Global */,
				483F39231EC3085E00C03253 /* AppDelegate.h */,
				483F39241EC3085E00C03253 /* AppDelegate.m */,
				483F39261EC3085E00C03253 /* LoginViewController.h */,
				483F39271EC3085E00C03253 /* LoginViewController.m */,
				483F39291EC3085E00C03253 /* Main.storyboard */,
				483F392C1EC3085E00C03253 /* Assets.xcassets */,
				483F392E1EC3085E00C03253 /* LaunchScreen.storyboard */,
				483F39311EC3085E00C03253 /* Info.plist */,
				483F39201EC3085E00C03253 /* Supporting Files */,
			);
			path = MPMFinance;
			sourceTree = "<group>";
		};
		483F39201EC3085E00C03253 /* Supporting Files */ = {
			isa = PBXGroup;
			children = (
				483F39211EC3085E00C03253 /* main.m */,
				5C9DB2371EC3314200FC0CC9 /* PrefixHeader.pch */,
			);
			name = "Supporting Files";
			sourceTree = "<group>";
		};
		5C9DB2331EC3310600FC0CC9 /* Global */ = {
			isa = PBXGroup;
			children = (
				5C9DB2341EC3312200FC0CC9 /* MPMGlobal.h */,
				5C9DB2351EC3312200FC0CC9 /* MPMGlobal.m */,
			);
			name = Global;
			sourceTree = "<group>";
		};
		5C9DB23A1EC338B700FC0CC9 /* Model */ = {
			isa = PBXGroup;
			children = (
				5C9DB2401EC3393000FC0CC9 /* MPMUserInfo.h */,
				5C9DB2411EC3393000FC0CC9 /* MPMUserInfo.m */,
			);
			name = Model;
			sourceTree = "<group>";
		};
		6C2E6E6C6CDAB2318F73C3D6 /* Pods */ = {
			isa = PBXGroup;
			children = (
				B57DB931C16BC9C4B3252B1C /* Pods-MPMFinance.debug.xcconfig */,
				F475CB99739A3281EC48B7D3 /* Pods-MPMFinance.release.xcconfig */,
			);
			name = Pods;
			sourceTree = "<group>";
		};
		C3D09070AC4F3BE170AAB938 /* Frameworks */ = {
			isa = PBXGroup;
			children = (
				F2B2C34A7F4351773F253B9A /* libPods-MPMFinance.a */,
			);
			name = Frameworks;
			sourceTree = "<group>";
		};
/* End PBXGroup section */

/* Begin PBXNativeTarget section */
		483F391C1EC3085E00C03253 /* MPMFinance */ = {
			isa = PBXNativeTarget;
			buildConfigurationList = 483F39341EC3085E00C03253 /* Build configuration list for PBXNativeTarget "MPMFinance" */;
			buildPhases = (
				FCA32B42147D5B3B1322675D /* [CP] Check Pods Manifest.lock */,
				483F39191EC3085E00C03253 /* Sources */,
				483F391A1EC3085E00C03253 /* Frameworks */,
				483F391B1EC3085E00C03253 /* Resources */,
				BB4C22AC3757216ACFD533FD /* [CP] Embed Pods Frameworks */,
				E83E428784874BFDD8C5832B /* [CP] Copy Pods Resources */,
			);
			buildRules = (
			);
			dependencies = (
			);
			name = MPMFinance;
			productName = MPMFinance;
			productReference = 483F391D1EC3085E00C03253 /* MPMFinance.app */;
			productType = "com.apple.product-type.application";
		};
/* End PBXNativeTarget section */

/* Begin PBXProject section */
		483F39151EC3085E00C03253 /* Project object */ = {
			isa = PBXProject;
			attributes = {
				LastUpgradeCheck = 0830;
				ORGANIZATIONNAME = MPMFinance;
				TargetAttributes = {
					483F391C1EC3085E00C03253 = {
						CreatedOnToolsVersion = 8.3.1;
						ProvisioningStyle = Automatic;
					};
				};
			};
			buildConfigurationList = 483F39181EC3085E00C03253 /* Build configuration list for PBXProject "MPMFinance" */;
			compatibilityVersion = "Xcode 3.2";
			developmentRegion = English;
			hasScannedForEncodings = 0;
			knownRegions = (
				en,
				Base,
			);
			mainGroup = 483F39141EC3085E00C03253;
			productRefGroup = 483F391E1EC3085E00C03253 /* Products */;
			projectDirPath = "";
			projectRoot = "";
			targets = (
				483F391C1EC3085E00C03253 /* MPMFinance */,
			);
		};
/* End PBXProject section */

/* Begin PBXResourcesBuildPhase section */
		483F391B1EC3085E00C03253 /* Resources */ = {
			isa = PBXResourcesBuildPhase;
			buildActionMask = 2147483647;
			files = (
				483F39301EC3085E00C03253 /* LaunchScreen.storyboard in Resources */,
				483F392D1EC3085E00C03253 /* Assets.xcassets in Resources */,
				483F392B1EC3085E00C03253 /* Main.storyboard in Resources */,
			);
			runOnlyForDeploymentPostprocessing = 0;
		};
/* End PBXResourcesBuildPhase section */

/* Begin PBXShellScriptBuildPhase section */
		BB4C22AC3757216ACFD533FD /* [CP] Embed Pods Frameworks */ = {
			isa = PBXShellScriptBuildPhase;
			buildActionMask = 2147483647;
			files = (
			);
			inputPaths = (
			);
			name = "[CP] Embed Pods Frameworks";
			outputPaths = (
			);
			runOnlyForDeploymentPostprocessing = 0;
			shellPath = /bin/sh;
			shellScript = "\"${SRCROOT}/Pods/Target Support Files/Pods-MPMFinance/Pods-MPMFinance-frameworks.sh\"\n";
			showEnvVarsInLog = 0;
		};
		E83E428784874BFDD8C5832B /* [CP] Copy Pods Resources */ = {
			isa = PBXShellScriptBuildPhase;
			buildActionMask = 2147483647;
			files = (
			);
			inputPaths = (
			);
			name = "[CP] Copy Pods Resources";
			outputPaths = (
			);
			runOnlyForDeploymentPostprocessing = 0;
			shellPath = /bin/sh;
			shellScript = "\"${SRCROOT}/Pods/Target Support Files/Pods-MPMFinance/Pods-MPMFinance-resources.sh\"\n";
			showEnvVarsInLog = 0;
		};
		FCA32B42147D5B3B1322675D /* [CP] Check Pods Manifest.lock */ = {
			isa = PBXShellScriptBuildPhase;
			buildActionMask = 2147483647;
			files = (
			);
			inputPaths = (
			);
			name = "[CP] Check Pods Manifest.lock";
			outputPaths = (
			);
			runOnlyForDeploymentPostprocessing = 0;
			shellPath = /bin/sh;
			shellScript = "diff \"${PODS_ROOT}/../Podfile.lock\" \"${PODS_ROOT}/Manifest.lock\" > /dev/null\nif [ $? != 0 ] ; then\n    # print error to STDERR\n    echo \"error: The sandbox is not in sync with the Podfile.lock. Run 'pod install' or update your CocoaPods installation.\" >&2\n    exit 1\nfi\n";
			showEnvVarsInLog = 0;
		};
/* End PBXShellScriptBuildPhase section */

/* Begin PBXSourcesBuildPhase section */
		483F39191EC3085E00C03253 /* Sources */ = {
			isa = PBXSourcesBuildPhase;
			buildActionMask = 2147483647;
			files = (
				483F39281EC3085E00C03253 /* LoginViewController.m in Sources */,
				5C9DB2361EC3312200FC0CC9 /* MPMGlobal.m in Sources */,
				483F39251EC3085E00C03253 /* AppDelegate.m in Sources */,
				483F39221EC3085E00C03253 /* main.m in Sources */,
				5C9DB2421EC3393000FC0CC9 /* MPMUserInfo.m in Sources */,
			);
			runOnlyForDeploymentPostprocessing = 0;
		};
/* End PBXSourcesBuildPhase section */

/* Begin PBXVariantGroup section */
		483F39291EC3085E00C03253 /* Main.storyboard */ = {
			isa = PBXVariantGroup;
			children = (
				483F392A1EC3085E00C03253 /* Base */,
			);
			name = Main.storyboard;
			sourceTree = "<group>";
		};
		483F392E1EC3085E00C03253 /* LaunchScreen.storyboard */ = {
			isa = PBXVariantGroup;
			children = (
				483F392F1EC3085E00C03253 /* Base */,
			);
			name = LaunchScreen.storyboard;
			sourceTree = "<group>";
		};
/* End PBXVariantGroup section */

/* Begin XCBuildConfiguration section */
		483F39321EC3085E00C03253 /* Debug */ = {
			isa = XCBuildConfiguration;
			buildSettings = {
				ALWAYS_SEARCH_USER_PATHS = NO;
				CLANG_ANALYZER_NONNULL = YES;
				CLANG_ANALYZER_NUMBER_OBJECT_CONVERSION = YES_AGGRESSIVE;
				CLANG_CXX_LANGUAGE_STANDARD = "gnu++0x";
				CLANG_CXX_LIBRARY = "libc++";
				CLANG_ENABLE_MODULES = YES;
				CLANG_ENABLE_OBJC_ARC = YES;
				CLANG_WARN_BOOL_CONVERSION = YES;
				CLANG_WARN_CONSTANT_CONVERSION = YES;
				CLANG_WARN_DIRECT_OBJC_ISA_USAGE = YES_ERROR;
				CLANG_WARN_DOCUMENTATION_COMMENTS = YES;
				CLANG_WARN_EMPTY_BODY = YES;
				CLANG_WARN_ENUM_CONVERSION = YES;
				CLANG_WARN_INFINITE_RECURSION = YES;
				CLANG_WARN_INT_CONVERSION = YES;
				CLANG_WARN_OBJC_ROOT_CLASS = YES_ERROR;
				CLANG_WARN_SUSPICIOUS_MOVE = YES;
				CLANG_WARN_UNREACHABLE_CODE = YES;
				CLANG_WARN__DUPLICATE_METHOD_MATCH = YES;
				"CODE_SIGN_IDENTITY[sdk=iphoneos*]" = "iPhone Developer";
				COPY_PHASE_STRIP = NO;
				DEBUG_INFORMATION_FORMAT = dwarf;
				ENABLE_STRICT_OBJC_MSGSEND = YES;
				ENABLE_TESTABILITY = YES;
				GCC_C_LANGUAGE_STANDARD = gnu99;
				GCC_DYNAMIC_NO_PIC = NO;
				GCC_NO_COMMON_BLOCKS = YES;
				GCC_OPTIMIZATION_LEVEL = 0;
				GCC_PREPROCESSOR_DEFINITIONS = (
					"DEBUG=1",
					"$(inherited)",
				);
				GCC_WARN_64_TO_32_BIT_CONVERSION = YES;
				GCC_WARN_ABOUT_RETURN_TYPE = YES_ERROR;
				GCC_WARN_UNDECLARED_SELECTOR = YES;
				GCC_WARN_UNINITIALIZED_AUTOS = YES_AGGRESSIVE;
				GCC_WARN_UNUSED_FUNCTION = YES;
				GCC_WARN_UNUSED_VARIABLE = YES;
				IPHONEOS_DEPLOYMENT_TARGET = 10.3;
				MTL_ENABLE_DEBUG_INFO = YES;
				ONLY_ACTIVE_ARCH = YES;
				SDKROOT = iphoneos;
			};
			name = Debug;
		};
		483F39331EC3085E00C03253 /* Release */ = {
			isa = XCBuildConfiguration;
			buildSettings = {
				ALWAYS_SEARCH_USER_PATHS = NO;
				CLANG_ANALYZER_NONNULL = YES;
				CLANG_ANALYZER_NUMBER_OBJECT_CONVERSION = YES_AGGRESSIVE;
				CLANG_CXX_LANGUAGE_STANDARD = "gnu++0x";
				CLANG_CXX_LIBRARY = "libc++";
				CLANG_ENABLE_MODULES = YES;
				CLANG_ENABLE_OBJC_ARC = YES;
				CLANG_WARN_BOOL_CONVERSION = YES;
				CLANG_WARN_CONSTANT_CONVERSION = YES;
				CLANG_WARN_DIRECT_OBJC_ISA_USAGE = YES_ERROR;
				CLANG_WARN_DOCUMENTATION_COMMENTS = YES;
				CLANG_WARN_EMPTY_BODY = YES;
				CLANG_WARN_ENUM_CONVERSION = YES;
				CLANG_WARN_INFINITE_RECURSION = YES;
				CLANG_WARN_INT_CONVERSION = YES;
				CLANG_WARN_OBJC_ROOT_CLASS = YES_ERROR;
				CLANG_WARN_SUSPICIOUS_MOVE = YES;
				CLANG_WARN_UNREACHABLE_CODE = YES;
				CLANG_WARN__DUPLICATE_METHOD_MATCH = YES;
				"CODE_SIGN_IDENTITY[sdk=iphoneos*]" = "iPhone Developer";
				COPY_PHASE_STRIP = NO;
				DEBUG_INFORMATION_FORMAT = "dwarf-with-dsym";
				ENABLE_NS_ASSERTIONS = NO;
				ENABLE_STRICT_OBJC_MSGSEND = YES;
				GCC_C_LANGUAGE_STANDARD = gnu99;
				GCC_NO_COMMON_BLOCKS = YES;
				GCC_WARN_64_TO_32_BIT_CONVERSION = YES;
				GCC_WARN_ABOUT_RETURN_TYPE = YES_ERROR;
				GCC_WARN_UNDECLARED_SELECTOR = YES;
				GCC_WARN_UNINITIALIZED_AUTOS = YES_AGGRESSIVE;
				GCC_WARN_UNUSED_FUNCTION = YES;
				GCC_WARN_UNUSED_VARIABLE = YES;
				IPHONEOS_DEPLOYMENT_TARGET = 10.3;
				MTL_ENABLE_DEBUG_INFO = NO;
				SDKROOT = iphoneos;
				VALIDATE_PRODUCT = YES;
			};
			name = Release;
		};
		483F39351EC3085E00C03253 /* Debug */ = {
			isa = XCBuildConfiguration;
			baseConfigurationReference = B57DB931C16BC9C4B3252B1C /* Pods-MPMFinance.debug.xcconfig */;
			buildSettings = {
				ASSETCATALOG_COMPILER_APPICON_NAME = AppIcon;
				GCC_PREFIX_HEADER = MPMFinance/PrefixHeader.pch;
				INFOPLIST_FILE = MPMFinance/Info.plist;
				IPHONEOS_DEPLOYMENT_TARGET = 9.0;
				LD_RUNPATH_SEARCH_PATHS = "$(inherited) @executable_path/Frameworks";
				PRODUCT_BUNDLE_IDENTIFIER = "com.mpm-finance.MPMFinance";
				PRODUCT_NAME = "$(TARGET_NAME)";
				TARGETED_DEVICE_FAMILY = "1,2";
			};
			name = Debug;
		};
		483F39361EC3085E00C03253 /* Release */ = {
			isa = XCBuildConfiguration;
			baseConfigurationReference = F475CB99739A3281EC48B7D3 /* Pods-MPMFinance.release.xcconfig */;
			buildSettings = {
				ASSETCATALOG_COMPILER_APPICON_NAME = AppIcon;
				GCC_PREFIX_HEADER = MPMFinance/PrefixHeader.pch;
				INFOPLIST_FILE = MPMFinance/Info.plist;
				IPHONEOS_DEPLOYMENT_TARGET = 9.0;
				LD_RUNPATH_SEARCH_PATHS = "$(inherited) @executable_path/Frameworks";
				PRODUCT_BUNDLE_IDENTIFIER = "com.mpm-finance.MPMFinance";
				PRODUCT_NAME = "$(TARGET_NAME)";
				TARGETED_DEVICE_FAMILY = "1,2";
			};
			name = Release;
		};
/* End XCBuildConfiguration section */

/* Begin XCConfigurationList section */
		483F39181EC3085E00C03253 /* Build configuration list for PBXProject "MPMFinance" */ = {
			isa = XCConfigurationList;
			buildConfigurations = (
				483F39321EC3085E00C03253 /* Debug */,
				483F39331EC3085E00C03253 /* Release */,
			);
			defaultConfigurationIsVisible = 0;
			defaultConfigurationName = Release;
		};
		483F39341EC3085E00C03253 /* Build configuration list for PBXNativeTarget "MPMFinance" */ = {
			isa = XCConfigurationList;
			buildConfigurations = (
				483F39351EC3085E00C03253 /* Debug */,
				483F39361EC3085E00C03253 /* Release */,
			);
			defaultConfigurationIsVisible = 0;
			defaultConfigurationName = Release;
		};
/* End XCConfigurationList section */
	};
	rootObject = 483F39151EC3085E00C03253 /* Project object */;
}
